
Microsoft Visual Studio Solution File, Format Version 12.00
# Visual Studio Version 16
VisualStudioVersion = 16.0.29324.140
MinimumVisualStudioVersion = 10.0.40219.1
Project("{FAE04EC0-301F-11D3-BF4B-00C04F79EFBC}") = "LoggerTest", "LoggerTest\LoggerTest.csproj", "{8232239C-2584-4E93-969B-92E963635CE3}"
EndProject
Global
	GlobalSection(SolutionConfigurationPlatforms) = preSolution
		Debug|Any CPU = Debug|Any CPU
		Release|Any CPU = Release|Any CPU
	EndGlobalSection
	GlobalSection(ProjectConfigurationPlatforms) = postSolution
		{8232239C-2584-4E93-969B-92E963635CE3}.Debug|Any CPU.ActiveCfg = Debug|Any CPU
		{8232239C-2584-4E93-969B-92E963635CE3}.Debug|Any CPU.Build.0 = Debug|Any CPU
		{8232239C-2584-4E93-969B-92E963635CE3}.Release|Any CPU.ActiveCfg = Release|Any CPU
		{8232239C-2584-4E93-969B-92E963635CE3}.Release|Any CPU.Build.0 = Release|Any CPU
	EndGlobalSection
	GlobalSection(SolutionProperties) = preSolution
		HideSolutionNode = FALSE
	EndGlobalSection
	GlobalSection(ExtensibilityGlobals) = postSolution
		SolutionGuid = {8C7ABD3D-978C-44C7-9DF8-D631F966F9D7}
	EndGlobalSection
EndGlobal
